// !$*UTF8*$!
{
	archiveVersion = 1;
	classes = {
	};
	objectVersion = 52;
	objects = {

/* Begin PBXBuildFile section */
		94B0725D26F3AD0F00FFF9C8 /* MovieCell.swift in Sources */ = {isa = PBXBuildFile; fileRef = 94B0725C26F3AD0F00FFF9C8 /* MovieCell.swift */; };
		94B0726026F3B1AC00FFF9C8 /* AlamofireImage in Frameworks */ = {isa = PBXBuildFile; productRef = 94B0725F26F3B1AC00FFF9C8 /* AlamofireImage */; };
		94BABEBD26FD741C00567F13 /* MovieDetailsViewController.swift in Sources */ = {isa = PBXBuildFile; fileRef = 94BABEBC26FD741C00567F13 /* MovieDetailsViewController.swift */; };
		94BABEC026FD832800567F13 /* MovieGridViewController.swift in Sources */ = {isa = PBXBuildFile; fileRef = 94BABEBF26FD832800567F13 /* MovieGridViewController.swift */; };
		94BABEC226FD8C1700567F13 /* MovieGridCell.swift in Sources */ = {isa = PBXBuildFile; fileRef = 94BABEC126FD8C1700567F13 /* MovieGridCell.swift */; };
		94FF53FE26F1637700AF2E54 /* AppDelegate.swift in Sources */ = {isa = PBXBuildFile; fileRef = 94FF53FD26F1637700AF2E54 /* AppDelegate.swift */; };
		94FF540026F1637700AF2E54 /* SceneDelegate.swift in Sources */ = {isa = PBXBuildFile; fileRef = 94FF53FF26F1637700AF2E54 /* SceneDelegate.swift */; };
		94FF540526F1637700AF2E54 /* Main.storyboard in Resources */ = {isa = PBXBuildFile; fileRef = 94FF540326F1637700AF2E54 /* Main.storyboard */; };
		94FF540726F1637B00AF2E54 /* Assets.xcassets in Resources */ = {isa = PBXBuildFile; fileRef = 94FF540626F1637B00AF2E54 /* Assets.xcassets */; };
		94FF540A26F1637B00AF2E54 /* LaunchScreen.storyboard in Resources */ = {isa = PBXBuildFile; fileRef = 94FF540826F1637B00AF2E54 /* LaunchScreen.storyboard */; };
		94FF541526F1637C00AF2E54 /* Flix_App_1Tests.swift in Sources */ = {isa = PBXBuildFile; fileRef = 94FF541426F1637C00AF2E54 /* Flix_App_1Tests.swift */; };
		94FF542026F1637C00AF2E54 /* Flix_App_1UITests.swift in Sources */ = {isa = PBXBuildFile; fileRef = 94FF541F26F1637C00AF2E54 /* Flix_App_1UITests.swift */; };
		94FF542E26F1652900AF2E54 /* MovieViewController.swift in Sources */ = {isa = PBXBuildFile; fileRef = 94FF542D26F1652900AF2E54 /* MovieViewController.swift */; };
		AB97060296946FD65D4F1355 /* Pods_Flix_App_1.framework in Frameworks */ = {isa = PBXBuildFile; fileRef = 067123B97B0F7B0CF43A5ADA /* Pods_Flix_App_1.framework */; };
		C774AF8FBD2055B48EFAC6EF /* Pods_Flix_App_1_Flix_App_1UITests.framework in Frameworks */ = {isa = PBXBuildFile; fileRef = ECDBB6E1FEA6501F6BC63B47 /* Pods_Flix_App_1_Flix_App_1UITests.framework */; };
		DB7E6856274131F16E0127F2 /* Pods_Flix_App_1Tests.framework in Frameworks */ = {isa = PBXBuildFile; fileRef = 5AB7D9615851F99AA9B5F427 /* Pods_Flix_App_1Tests.framework */; };
/* End PBXBuildFile section */

/* Begin PBXContainerItemProxy section */
		94FF541126F1637C00AF2E54 /* PBXContainerItemProxy */ = {
			isa = PBXContainerItemProxy;
			containerPortal = 94FF53F226F1637600AF2E54 /* Project object */;
			proxyType = 1;
			remoteGlobalIDString = 94FF53F926F1637700AF2E54;
			remoteInfo = Flix_App_1;
		};
		94FF541C26F1637C00AF2E54 /* PBXContainerItemProxy */ = {
			isa = PBXContainerItemProxy;
			containerPortal = 94FF53F226F1637600AF2E54 /* Project object */;
			proxyType = 1;
			remoteGlobalIDString = 94FF53F926F1637700AF2E54;
			remoteInfo = Flix_App_1;
		};
/* End PBXContainerItemProxy section */

/* Begin PBXFileReference section */
		067123B97B0F7B0CF43A5ADA /* Pods_Flix_App_1.framework */ = {isa = PBXFileReference; explicitFileType = wrapper.framework; includeInIndex = 0; path = Pods_Flix_App_1.framework; sourceTree = BUILT_PRODUCTS_DIR; };
		2FDBB3703E97609E9DF123A1 /* Pods-Flix_App_1.release.xcconfig */ = {isa = PBXFileReference; includeInIndex = 1; lastKnownFileType = text.xcconfig; name = "Pods-Flix_App_1.release.xcconfig"; path = "Target Support Files/Pods-Flix_App_1/Pods-Flix_App_1.release.xcconfig"; sourceTree = "<group>"; };
		42001D370D3D3774D4190183 /* Pods-Flix_App_1.debug.xcconfig */ = {isa = PBXFileReference; includeInIndex = 1; lastKnownFileType = text.xcconfig; name = "Pods-Flix_App_1.debug.xcconfig"; path = "Target Support Files/Pods-Flix_App_1/Pods-Flix_App_1.debug.xcconfig"; sourceTree = "<group>"; };
		4D1E416E9A521E6F67D09DCD /* Pods-Flix_App_1Tests.release.xcconfig */ = {isa = PBXFileReference; includeInIndex = 1; lastKnownFileType = text.xcconfig; name = "Pods-Flix_App_1Tests.release.xcconfig"; path = "Target Support Files/Pods-Flix_App_1Tests/Pods-Flix_App_1Tests.release.xcconfig"; sourceTree = "<group>"; };
		5AB7D9615851F99AA9B5F427 /* Pods_Flix_App_1Tests.framework */ = {isa = PBXFileReference; explicitFileType = wrapper.framework; includeInIndex = 0; path = Pods_Flix_App_1Tests.framework; sourceTree = BUILT_PRODUCTS_DIR; };
		658602B6ED13FF1ED375E224 /* Pods-Flix_App_1Tests.debug.xcconfig */ = {isa = PBXFileReference; includeInIndex = 1; lastKnownFileType = text.xcconfig; name = "Pods-Flix_App_1Tests.debug.xcconfig"; path = "Target Support Files/Pods-Flix_App_1Tests/Pods-Flix_App_1Tests.debug.xcconfig"; sourceTree = "<group>"; };
		94B0725C26F3AD0F00FFF9C8 /* MovieCell.swift */ = {isa = PBXFileReference; lastKnownFileType = sourcecode.swift; path = MovieCell.swift; sourceTree = "<group>"; };
		94BABEBC26FD741C00567F13 /* MovieDetailsViewController.swift */ = {isa = PBXFileReference; lastKnownFileType = sourcecode.swift; path = MovieDetailsViewController.swift; sourceTree = "<group>"; };
		94BABEBF26FD832800567F13 /* MovieGridViewController.swift */ = {isa = PBXFileReference; lastKnownFileType = sourcecode.swift; path = MovieGridViewController.swift; sourceTree = "<group>"; };
		94BABEC126FD8C1700567F13 /* MovieGridCell.swift */ = {isa = PBXFileReference; lastKnownFileType = sourcecode.swift; path = MovieGridCell.swift; sourceTree = "<group>"; };
		94FF53FA26F1637700AF2E54 /* Flix_App_1.app */ = {isa = PBXFileReference; explicitFileType = wrapper.application; includeInIndex = 0; path = Flix_App_1.app; sourceTree = BUILT_PRODUCTS_DIR; };
		94FF53FD26F1637700AF2E54 /* AppDelegate.swift */ = {isa = PBXFileReference; lastKnownFileType = sourcecode.swift; path = AppDelegate.swift; sourceTree = "<group>"; };
		94FF53FF26F1637700AF2E54 /* SceneDelegate.swift */ = {isa = PBXFileReference; lastKnownFileType = sourcecode.swift; path = SceneDelegate.swift; sourceTree = "<group>"; };
		94FF540426F1637700AF2E54 /* Base */ = {isa = PBXFileReference; lastKnownFileType = file.storyboard; name = Base; path = Base.lproj/Main.storyboard; sourceTree = "<group>"; };
		94FF540626F1637B00AF2E54 /* Assets.xcassets */ = {isa = PBXFileReference; lastKnownFileType = folder.assetcatalog; path = Assets.xcassets; sourceTree = "<group>"; };
		94FF540926F1637B00AF2E54 /* Base */ = {isa = PBXFileReference; lastKnownFileType = file.storyboard; name = Base; path = Base.lproj/LaunchScreen.storyboard; sourceTree = "<group>"; };
		94FF540B26F1637B00AF2E54 /* Info.plist */ = {isa = PBXFileReference; lastKnownFileType = text.plist.xml; path = Info.plist; sourceTree = "<group>"; };
		94FF541026F1637C00AF2E54 /* Flix_App_1Tests.xctest */ = {isa = PBXFileReference; explicitFileType = wrapper.cfbundle; includeInIndex = 0; path = Flix_App_1Tests.xctest; sourceTree = BUILT_PRODUCTS_DIR; };
		94FF541426F1637C00AF2E54 /* Flix_App_1Tests.swift */ = {isa = PBXFileReference; lastKnownFileType = sourcecode.swift; path = Flix_App_1Tests.swift; sourceTree = "<group>"; };
		94FF541626F1637C00AF2E54 /* Info.plist */ = {isa = PBXFileReference; lastKnownFileType = text.plist.xml; path = Info.plist; sourceTree = "<group>"; };
		94FF541B26F1637C00AF2E54 /* Flix_App_1UITests.xctest */ = {isa = PBXFileReference; explicitFileType = wrapper.cfbundle; includeInIndex = 0; path = Flix_App_1UITests.xctest; sourceTree = BUILT_PRODUCTS_DIR; };
		94FF541F26F1637C00AF2E54 /* Flix_App_1UITests.swift */ = {isa = PBXFileReference; lastKnownFileType = sourcecode.swift; path = Flix_App_1UITests.swift; sourceTree = "<group>"; };
		94FF542126F1637C00AF2E54 /* Info.plist */ = {isa = PBXFileReference; lastKnownFileType = text.plist.xml; path = Info.plist; sourceTree = "<group>"; };
		94FF542D26F1652900AF2E54 /* MovieViewController.swift */ = {isa = PBXFileReference; lastKnownFileType = sourcecode.swift; path = MovieViewController.swift; sourceTree = "<group>"; };
		E58A1604515F878481357089 /* Pods-Flix_App_1-Flix_App_1UITests.debug.xcconfig */ = {isa = PBXFileReference; includeInIndex = 1; lastKnownFileType = text.xcconfig; name = "Pods-Flix_App_1-Flix_App_1UITests.debug.xcconfig"; path = "Target Support Files/Pods-Flix_App_1-Flix_App_1UITests/Pods-Flix_App_1-Flix_App_1UITests.debug.xcconfig"; sourceTree = "<group>"; };
		ECDBB6E1FEA6501F6BC63B47 /* Pods_Flix_App_1_Flix_App_1UITests.framework */ = {isa = PBXFileReference; explicitFileType = wrapper.framework; includeInIndex = 0; path = Pods_Flix_App_1_Flix_App_1UITests.framework; sourceTree = BUILT_PRODUCTS_DIR; };
		F4C95D794E8BE2EF295660E8 /* Pods-Flix_App_1-Flix_App_1UITests.release.xcconfig */ = {isa = PBXFileReference; includeInIndex = 1; lastKnownFileType = text.xcconfig; name = "Pods-Flix_App_1-Flix_App_1UITests.release.xcconfig"; path = "Target Support Files/Pods-Flix_App_1-Flix_App_1UITests/Pods-Flix_App_1-Flix_App_1UITests.release.xcconfig"; sourceTree = "<group>"; };
/* End PBXFileReference section */

/* Begin PBXFrameworksBuildPhase section */
		94FF53F726F1637700AF2E54 /* Frameworks */ = {
			isa = PBXFrameworksBuildPhase;
			buildActionMask = 2147483647;
			files = (
				94B0726026F3B1AC00FFF9C8 /* AlamofireImage in Frameworks */,
				AB97060296946FD65D4F1355 /* Pods_Flix_App_1.framework in Frameworks */,
			);
			runOnlyForDeploymentPostprocessing = 0;
		};
		94FF540D26F1637C00AF2E54 /* Frameworks */ = {
			isa = PBXFrameworksBuildPhase;
			buildActionMask = 2147483647;
			files = (
				DB7E6856274131F16E0127F2 /* Pods_Flix_App_1Tests.framework in Frameworks */,
			);
			runOnlyForDeploymentPostprocessing = 0;
		};
		94FF541826F1637C00AF2E54 /* Frameworks */ = {
			isa = PBXFrameworksBuildPhase;
			buildActionMask = 2147483647;
			files = (
				C774AF8FBD2055B48EFAC6EF /* Pods_Flix_App_1_Flix_App_1UITests.framework in Frameworks */,
			);
			runOnlyForDeploymentPostprocessing = 0;
		};
/* End PBXFrameworksBuildPhase section */

/* Begin PBXGroup section */
		3F293F0C09C706EB62768B18 /* Pods */ = {
			isa = PBXGroup;
			children = (
				42001D370D3D3774D4190183 /* Pods-Flix_App_1.debug.xcconfig */,
				2FDBB3703E97609E9DF123A1 /* Pods-Flix_App_1.release.xcconfig */,
				E58A1604515F878481357089 /* Pods-Flix_App_1-Flix_App_1UITests.debug.xcconfig */,
				F4C95D794E8BE2EF295660E8 /* Pods-Flix_App_1-Flix_App_1UITests.release.xcconfig */,
				658602B6ED13FF1ED375E224 /* Pods-Flix_App_1Tests.debug.xcconfig */,
				4D1E416E9A521E6F67D09DCD /* Pods-Flix_App_1Tests.release.xcconfig */,
			);
			path = Pods;
			sourceTree = "<group>";
		};
		66994EFFCE355719C0D4958C /* Frameworks */ = {
			isa = PBXGroup;
			children = (
				067123B97B0F7B0CF43A5ADA /* Pods_Flix_App_1.framework */,
				ECDBB6E1FEA6501F6BC63B47 /* Pods_Flix_App_1_Flix_App_1UITests.framework */,
				5AB7D9615851F99AA9B5F427 /* Pods_Flix_App_1Tests.framework */,
			);
			name = Frameworks;
			sourceTree = "<group>";
		};
		94FF53F126F1637600AF2E54 = {
			isa = PBXGroup;
			children = (
				94FF53FC26F1637700AF2E54 /* Flix_App_1 */,
				94FF541326F1637C00AF2E54 /* Flix_App_1Tests */,
				94FF541E26F1637C00AF2E54 /* Flix_App_1UITests */,
				94FF53FB26F1637700AF2E54 /* Products */,
				3F293F0C09C706EB62768B18 /* Pods */,
				66994EFFCE355719C0D4958C /* Frameworks */,
			);
			sourceTree = "<group>";
		};
		94FF53FB26F1637700AF2E54 /* Products */ = {
			isa = PBXGroup;
			children = (
				94FF53FA26F1637700AF2E54 /* Flix_App_1.app */,
				94FF541026F1637C00AF2E54 /* Flix_App_1Tests.xctest */,
				94FF541B26F1637C00AF2E54 /* Flix_App_1UITests.xctest */,
			);
			name = Products;
			sourceTree = "<group>";
		};
		94FF53FC26F1637700AF2E54 /* Flix_App_1 */ = {
			isa = PBXGroup;
			children = (
				94FF53FD26F1637700AF2E54 /* AppDelegate.swift */,
				94FF53FF26F1637700AF2E54 /* SceneDelegate.swift */,
				94FF540326F1637700AF2E54 /* Main.storyboard */,
				94BABEC126FD8C1700567F13 /* MovieGridCell.swift */,
				94BABEBF26FD832800567F13 /* MovieGridViewController.swift */,
				94BABEBC26FD741C00567F13 /* MovieDetailsViewController.swift */,
				94FF540626F1637B00AF2E54 /* Assets.xcassets */,
				94FF540826F1637B00AF2E54 /* LaunchScreen.storyboard */,
				94FF540B26F1637B00AF2E54 /* Info.plist */,
				94FF542D26F1652900AF2E54 /* MovieViewController.swift */,
				94B0725C26F3AD0F00FFF9C8 /* MovieCell.swift */,
			);
			path = Flix_App_1;
			sourceTree = "<group>";
		};
		94FF541326F1637C00AF2E54 /* Flix_App_1Tests */ = {
			isa = PBXGroup;
			children = (
				94FF541426F1637C00AF2E54 /* Flix_App_1Tests.swift */,
				94FF541626F1637C00AF2E54 /* Info.plist */,
			);
			path = Flix_App_1Tests;
			sourceTree = "<group>";
		};
		94FF541E26F1637C00AF2E54 /* Flix_App_1UITests */ = {
			isa = PBXGroup;
			children = (
				94FF541F26F1637C00AF2E54 /* Flix_App_1UITests.swift */,
				94FF542126F1637C00AF2E54 /* Info.plist */,
			);
			path = Flix_App_1UITests;
			sourceTree = "<group>";
		};
/* End PBXGroup section */

/* Begin PBXNativeTarget section */
		94FF53F926F1637700AF2E54 /* Flix_App_1 */ = {
			isa = PBXNativeTarget;
			buildConfigurationList = 94FF542426F1637C00AF2E54 /* Build configuration list for PBXNativeTarget "Flix_App_1" */;
			buildPhases = (
				128DA9368CA06F64AE7798FA /* [CP] Check Pods Manifest.lock */,
				94FF53F626F1637700AF2E54 /* Sources */,
				94FF53F726F1637700AF2E54 /* Frameworks */,
				94FF53F826F1637700AF2E54 /* Resources */,
				05967298BBF047351CD0CE9D /* [CP] Embed Pods Frameworks */,
			);
			buildRules = (
			);
			dependencies = (
			);
			name = Flix_App_1;
			packageProductDependencies = (
				94B0725F26F3B1AC00FFF9C8 /* AlamofireImage */,
			);
			productName = Flix_App_1;
			productReference = 94FF53FA26F1637700AF2E54 /* Flix_App_1.app */;
			productType = "com.apple.product-type.application";
		};
		94FF540F26F1637C00AF2E54 /* Flix_App_1Tests */ = {
			isa = PBXNativeTarget;
			buildConfigurationList = 94FF542726F1637C00AF2E54 /* Build configuration list for PBXNativeTarget "Flix_App_1Tests" */;
			buildPhases = (
				0DF3C00CCAEC126E509D041A /* [CP] Check Pods Manifest.lock */,
				94FF540C26F1637C00AF2E54 /* Sources */,
				94FF540D26F1637C00AF2E54 /* Frameworks */,
				94FF540E26F1637C00AF2E54 /* Resources */,
			);
			buildRules = (
			);
			dependencies = (
				94FF541226F1637C00AF2E54 /* PBXTargetDependency */,
			);
			name = Flix_App_1Tests;
			productName = Flix_App_1Tests;
			productReference = 94FF541026F1637C00AF2E54 /* Flix_App_1Tests.xctest */;
			productType = "com.apple.product-type.bundle.unit-test";
		};
		94FF541A26F1637C00AF2E54 /* Flix_App_1UITests */ = {
			isa = PBXNativeTarget;
			buildConfigurationList = 94FF542A26F1637C00AF2E54 /* Build configuration list for PBXNativeTarget "Flix_App_1UITests" */;
			buildPhases = (
				00508D189DD837F1468011E9 /* [CP] Check Pods Manifest.lock */,
				94FF541726F1637C00AF2E54 /* Sources */,
				94FF541826F1637C00AF2E54 /* Frameworks */,
				94FF541926F1637C00AF2E54 /* Resources */,
				3B1B8B9F2B3B9A21D335ACEA /* [CP] Embed Pods Frameworks */,
			);
			buildRules = (
			);
			dependencies = (
				94FF541D26F1637C00AF2E54 /* PBXTargetDependency */,
			);
			name = Flix_App_1UITests;
			productName = Flix_App_1UITests;
			productReference = 94FF541B26F1637C00AF2E54 /* Flix_App_1UITests.xctest */;
			productType = "com.apple.product-type.bundle.ui-testing";
		};
/* End PBXNativeTarget section */

/* Begin PBXProject section */
		94FF53F226F1637600AF2E54 /* Project object */ = {
			isa = PBXProject;
			attributes = {
				LastSwiftUpdateCheck = 1250;
				LastUpgradeCheck = 1250;
				TargetAttributes = {
					94FF53F926F1637700AF2E54 = {
						CreatedOnToolsVersion = 12.5.1;
					};
					94FF540F26F1637C00AF2E54 = {
						CreatedOnToolsVersion = 12.5.1;
						TestTargetID = 94FF53F926F1637700AF2E54;
					};
					94FF541A26F1637C00AF2E54 = {
						CreatedOnToolsVersion = 12.5.1;
						TestTargetID = 94FF53F926F1637700AF2E54;
					};
				};
			};
			buildConfigurationList = 94FF53F526F1637600AF2E54 /* Build configuration list for PBXProject "Flix_App_1" */;
			compatibilityVersion = "Xcode 9.3";
			developmentRegion = en;
			hasScannedForEncodings = 0;
			knownRegions = (
				en,
				Base,
			);
			mainGroup = 94FF53F126F1637600AF2E54;
			packageReferences = (
				94B0725E26F3B1AC00FFF9C8 /* XCRemoteSwiftPackageReference "AlamofireImage" */,
			);
			productRefGroup = 94FF53FB26F1637700AF2E54 /* Products */;
			projectDirPath = "";
			projectRoot = "";
			targets = (
				94FF53F926F1637700AF2E54 /* Flix_App_1 */,
				94FF540F26F1637C00AF2E54 /* Flix_App_1Tests */,
				94FF541A26F1637C00AF2E54 /* Flix_App_1UITests */,
			);
		};
/* End PBXProject section */

/* Begin PBXResourcesBuildPhase section */
		94FF53F826F1637700AF2E54 /* Resources */ = {
			isa = PBXResourcesBuildPhase;
			buildActionMask = 2147483647;
			files = (
				94FF540A26F1637B00AF2E54 /* LaunchScreen.storyboard in Resources */,
				94FF540726F1637B00AF2E54 /* Assets.xcassets in Resources */,
				94FF540526F1637700AF2E54 /* Main.storyboard in Resources */,
			);
			runOnlyForDeploymentPostprocessing = 0;
		};
		94FF540E26F1637C00AF2E54 /* Resources */ = {
			isa = PBXResourcesBuildPhase;
			buildActionMask = 2147483647;
			files = (
			);
			runOnlyForDeploymentPostprocessing = 0;
		};
		94FF541926F1637C00AF2E54 /* Resources */ = {
			isa = PBXResourcesBuildPhase;
			buildActionMask = 2147483647;
			files = (
			);
			runOnlyForDeploymentPostprocessing = 0;
		};
/* End PBXResourcesBuildPhase section */

/* Begin PBXShellScriptBuildPhase section */
		00508D189DD837F1468011E9 /* [CP] Check Pods Manifest.lock */ = {
			isa = PBXShellScriptBuildPhase;
			buildActionMask = 2147483647;
			files = (
			);
			inputFileListPaths = (
			);
			inputPaths = (
				"${PODS_PODFILE_DIR_PATH}/Podfile.lock",
				"${PODS_ROOT}/Manifest.lock",
			);
			name = "[CP] Check Pods Manifest.lock";
			outputFileListPaths = (
			);
			outputPaths = (
				"$(DERIVED_FILE_DIR)/Pods-Flix_App_1-Flix_App_1UITests-checkManifestLockResult.txt",
			);
			runOnlyForDeploymentPostprocessing = 0;
			shellPath = /bin/sh;
			shellScript = "diff \"${PODS_PODFILE_DIR_PATH}/Podfile.lock\" \"${PODS_ROOT}/Manifest.lock\" > /dev/null\nif [ $? != 0 ] ; then\n    # print error to STDERR\n    echo \"error: The sandbox is not in sync with the Podfile.lock. Run 'pod install' or update your CocoaPods installation.\" >&2\n    exit 1\nfi\n# This output is used by Xcode 'outputs' to avoid re-running this script phase.\necho \"SUCCESS\" > \"${SCRIPT_OUTPUT_FILE_0}\"\n";
			showEnvVarsInLog = 0;
		};
		05967298BBF047351CD0CE9D /* [CP] Embed Pods Frameworks */ = {
			isa = PBXShellScriptBuildPhase;
			buildActionMask = 2147483647;
			files = (
			);
			inputFileListPaths = (
				"${PODS_ROOT}/Target Support Files/Pods-Flix_App_1/Pods-Flix_App_1-frameworks-${CONFIGURATION}-input-files.xcfilelist",
			);
			name = "[CP] Embed Pods Frameworks";
			outputFileListPaths = (
				"${PODS_ROOT}/Target Support Files/Pods-Flix_App_1/Pods-Flix_App_1-frameworks-${CONFIGURATION}-output-files.xcfilelist",
			);
			runOnlyForDeploymentPostprocessing = 0;
			shellPath = /bin/sh;
			shellScript = "\"${PODS_ROOT}/Target Support Files/Pods-Flix_App_1/Pods-Flix_App_1-frameworks.sh\"\n";
			showEnvVarsInLog = 0;
		};
		0DF3C00CCAEC126E509D041A /* [CP] Check Pods Manifest.lock */ = {
			isa = PBXShellScriptBuildPhase;
			buildActionMask = 2147483647;
			files = (
			);
			inputFileListPaths = (
			);
			inputPaths = (
				"${PODS_PODFILE_DIR_PATH}/Podfile.lock",
				"${PODS_ROOT}/Manifest.lock",
			);
			name = "[CP] Check Pods Manifest.lock";
			outputFileListPaths = (
			);
			outputPaths = (
				"$(DERIVED_FILE_DIR)/Pods-Flix_App_1Tests-checkManifestLockResult.txt",
			);
			runOnlyForDeploymentPostprocessing = 0;
			shellPath = /bin/sh;
			shellScript = "diff \"${PODS_PODFILE_DIR_PATH}/Podfile.lock\" \"${PODS_ROOT}/Manifest.lock\" > /dev/null\nif [ $? != 0 ] ; then\n    # print error to STDERR\n    echo \"error: The sandbox is not in sync with the Podfile.lock. Run 'pod install' or update your CocoaPods installation.\" >&2\n    exit 1\nfi\n# This output is used by Xcode 'outputs' to avoid re-running this script phase.\necho \"SUCCESS\" > \"${SCRIPT_OUTPUT_FILE_0}\"\n";
			showEnvVarsInLog = 0;
		};
		128DA9368CA06F64AE7798FA /* [CP] Check Pods Manifest.lock */ = {
			isa = PBXShellScriptBuildPhase;
			buildActionMask = 2147483647;
			files = (
			);
			inputFileListPaths = (
			);
			inputPaths = (
				"${PODS_PODFILE_DIR_PATH}/Podfile.lock",
				"${PODS_ROOT}/Manifest.lock",
			);
			name = "[CP] Check Pods Manifest.lock";
			outputFileListPaths = (
			);
			outputPaths = (
				"$(DERIVED_FILE_DIR)/Pods-Flix_App_1-checkManifestLockResult.txt",
			);
			runOnlyForDeploymentPostprocessing = 0;
			shellPath = /bin/sh;
			shellScript = "diff \"${PODS_PODFILE_DIR_PATH}/Podfile.lock\" \"${PODS_ROOT}/Manifest.lock\" > /dev/null\nif [ $? != 0 ] ; then\n    # print error to STDERR\n    echo \"error: The sandbox is not in sync with the Podfile.lock. Run 'pod install' or update your CocoaPods installation.\" >&2\n    exit 1\nfi\n# This output is used by Xcode 'outputs' to avoid re-running this script phase.\necho \"SUCCESS\" > \"${SCRIPT_OUTPUT_FILE_0}\"\n";
			showEnvVarsInLog = 0;
		};
		3B1B8B9F2B3B9A21D335ACEA /* [CP] Embed Pods Frameworks */ = {
			isa = PBXShellScriptBuildPhase;
			buildActionMask = 2147483647;
			files = (
			);
			inputFileListPaths = (
				"${PODS_ROOT}/Target Support Files/Pods-Flix_App_1-Flix_App_1UITests/Pods-Flix_App_1-Flix_App_1UITests-frameworks-${CONFIGURATION}-input-files.xcfilelist",
			);
			name = "[CP] Embed Pods Frameworks";
			outputFileListPaths = (
				"${PODS_ROOT}/Target Support Files/Pods-Flix_App_1-Flix_App_1UITests/Pods-Flix_App_1-Flix_App_1UITests-frameworks-${CONFIGURATION}-output-files.xcfilelist",
			);
			runOnlyForDeploymentPostprocessing = 0;
			shellPath = /bin/sh;
			shellScript = "\"${PODS_ROOT}/Target Support Files/Pods-Flix_App_1-Flix_App_1UITests/Pods-Flix_App_1-Flix_App_1UITests-frameworks.sh\"\n";
			showEnvVarsInLog = 0;
		};
/* End PBXShellScriptBuildPhase section */

/* Begin PBXSourcesBuildPhase section */
		94FF53F626F1637700AF2E54 /* Sources */ = {
			isa = PBXSourcesBuildPhase;
			buildActionMask = 2147483647;
			files = (
				94BABEBD26FD741C00567F13 /* MovieDetailsViewController.swift in Sources */,
				94FF53FE26F1637700AF2E54 /* AppDelegate.swift in Sources */,
				94FF540026F1637700AF2E54 /* SceneDelegate.swift in Sources */,
				94B0725D26F3AD0F00FFF9C8 /* MovieCell.swift in Sources */,
				94FF542E26F1652900AF2E54 /* MovieViewController.swift in Sources */,
				94BABEC026FD832800567F13 /* MovieGridViewController.swift in Sources */,
				94BABEC226FD8C1700567F13 /* MovieGridCell.swift in Sources */,
			);
			runOnlyForDeploymentPostprocessing = 0;
		};
		94FF540C26F1637C00AF2E54 /* Sources */ = {
			isa = PBXSourcesBuildPhase;
			buildActionMask = 2147483647;
			files = (
				94FF541526F1637C00AF2E54 /* Flix_App_1Tests.swift in Sources */,
			);
			runOnlyForDeploymentPostprocessing = 0;
		};
		94FF541726F1637C00AF2E54 /* Sources */ = {
			isa = PBXSourcesBuildPhase;
			buildActionMask = 2147483647;
			files = (
				94FF542026F1637C00AF2E54 /* Flix_App_1UITests.swift in Sources */,
			);
			runOnlyForDeploymentPostprocessing = 0;
		};
/* End PBXSourcesBuildPhase section */

/* Begin PBXTargetDependency section */
		94FF541226F1637C00AF2E54 /* PBXTargetDependency */ = {
			isa = PBXTargetDependency;
			target = 94FF53F926F1637700AF2E54 /* Flix_App_1 */;
			targetProxy = 94FF541126F1637C00AF2E54 /* PBXContainerItemProxy */;
		};
		94FF541D26F1637C00AF2E54 /* PBXTargetDependency */ = {
			isa = PBXTargetDependency;
			target = 94FF53F926F1637700AF2E54 /* Flix_App_1 */;
			targetProxy = 94FF541C26F1637C00AF2E54 /* PBXContainerItemProxy */;
		};
/* End PBXTargetDependency section */

/* Begin PBXVariantGroup section */
		94FF540326F1637700AF2E54 /* Main.storyboard */ = {
			isa = PBXVariantGroup;
			children = (
				94FF540426F1637700AF2E54 /* Base */,
			);
			name = Main.storyboard;
			sourceTree = "<group>";
		};
		94FF540826F1637B00AF2E54 /* LaunchScreen.storyboard */ = {
			isa = PBXVariantGroup;
			children = (
				94FF540926F1637B00AF2E54 /* Base */,
			);
			name = LaunchScreen.storyboard;
			sourceTree = "<group>";
		};
/* End PBXVariantGroup section */

/* Begin XCBuildConfiguration section */
		94FF542226F1637C00AF2E54 /* Debug */ = {
			isa = XCBuildConfiguration;
			buildSettings = {
				ALWAYS_SEARCH_USER_PATHS = NO;
				CLANG_ANALYZER_NONNULL = YES;
				CLANG_ANALYZER_NUMBER_OBJECT_CONVERSION = YES_AGGRESSIVE;
				CLANG_CXX_LANGUAGE_STANDARD = "gnu++14";
				CLANG_CXX_LIBRARY = "libc++";
				CLANG_ENABLE_MODULES = YES;
				CLANG_ENABLE_OBJC_ARC = YES;
				CLANG_ENABLE_OBJC_WEAK = YES;
				CLANG_WARN_BLOCK_CAPTURE_AUTORELEASING = YES;
				CLANG_WARN_BOOL_CONVERSION = YES;
				CLANG_WARN_COMMA = YES;
				CLANG_WARN_CONSTANT_CONVERSION = YES;
				CLANG_WARN_DEPRECATED_OBJC_IMPLEMENTATIONS = YES;
				CLANG_WARN_DIRECT_OBJC_ISA_USAGE = YES_ERROR;
				CLANG_WARN_DOCUMENTATION_COMMENTS = YES;
				CLANG_WARN_EMPTY_BODY = YES;
				CLANG_WARN_ENUM_CONVERSION = YES;
				CLANG_WARN_INFINITE_RECURSION = YES;
				CLANG_WARN_INT_CONVERSION = YES;
				CLANG_WARN_NON_LITERAL_NULL_CONVERSION = YES;
				CLANG_WARN_OBJC_IMPLICIT_RETAIN_SELF = YES;
				CLANG_WARN_OBJC_LITERAL_CONVERSION = YES;
				CLANG_WARN_OBJC_ROOT_CLASS = YES_ERROR;
				CLANG_WARN_QUOTED_INCLUDE_IN_FRAMEWORK_HEADER = YES;
				CLANG_WARN_RANGE_LOOP_ANALYSIS = YES;
				CLANG_WARN_STRICT_PROTOTYPES = YES;
				CLANG_WARN_SUSPICIOUS_MOVE = YES;
				CLANG_WARN_UNGUARDED_AVAILABILITY = YES_AGGRESSIVE;
				CLANG_WARN_UNREACHABLE_CODE = YES;
				CLANG_WARN__DUPLICATE_METHOD_MATCH = YES;
				COPY_PHASE_STRIP = NO;
				DEBUG_INFORMATION_FORMAT = dwarf;
				ENABLE_STRICT_OBJC_MSGSEND = YES;
				ENABLE_TESTABILITY = YES;
				GCC_C_LANGUAGE_STANDARD = gnu11;
				GCC_DYNAMIC_NO_PIC = NO;
				GCC_NO_COMMON_BLOCKS = YES;
				GCC_OPTIMIZATION_LEVEL = 0;
				GCC_PREPROCESSOR_DEFINITIONS = (
					"DEBUG=1",
					"$(inherited)",
				);
				GCC_WARN_64_TO_32_BIT_CONVERSION = YES;
				GCC_WARN_ABOUT_RETURN_TYPE = YES_ERROR;
				GCC_WARN_UNDECLARED_SELECTOR = YES;
				GCC_WARN_UNINITIALIZED_AUTOS = YES_AGGRESSIVE;
				GCC_WARN_UNUSED_FUNCTION = YES;
				GCC_WARN_UNUSED_VARIABLE = YES;
				IPHONEOS_DEPLOYMENT_TARGET = 14.5;
				MTL_ENABLE_DEBUG_INFO = INCLUDE_SOURCE;
				MTL_FAST_MATH = YES;
				ONLY_ACTIVE_ARCH = YES;
				SDKROOT = iphoneos;
				SWIFT_ACTIVE_COMPILATION_CONDITIONS = DEBUG;
				SWIFT_OPTIMIZATION_LEVEL = "-Onone";
			};
			name = Debug;
		};
		94FF542326F1637C00AF2E54 /* Release */ = {
			isa = XCBuildConfiguration;
			buildSettings = {
				ALWAYS_SEARCH_USER_PATHS = NO;
				CLANG_ANALYZER_NONNULL = YES;
				CLANG_ANALYZER_NUMBER_OBJECT_CONVERSION = YES_AGGRESSIVE;
				CLANG_CXX_LANGUAGE_STANDARD = "gnu++14";
				CLANG_CXX_LIBRARY = "libc++";
				CLANG_ENABLE_MODULES = YES;
				CLANG_ENABLE_OBJC_ARC = YES;
				CLANG_ENABLE_OBJC_WEAK = YES;
				CLANG_WARN_BLOCK_CAPTURE_AUTORELEASING = YES;
				CLANG_WARN_BOOL_CONVERSION = YES;
				CLANG_WARN_COMMA = YES;
				CLANG_WARN_CONSTANT_CONVERSION = YES;
				CLANG_WARN_DEPRECATED_OBJC_IMPLEMENTATIONS = YES;
				CLANG_WARN_DIRECT_OBJC_ISA_USAGE = YES_ERROR;
				CLANG_WARN_DOCUMENTATION_COMMENTS = YES;
				CLANG_WARN_EMPTY_BODY = YES;
				CLANG_WARN_ENUM_CONVERSION = YES;
				CLANG_WARN_INFINITE_RECURSION = YES;
				CLANG_WARN_INT_CONVERSION = YES;
				CLANG_WARN_NON_LITERAL_NULL_CONVERSION = YES;
				CLANG_WARN_OBJC_IMPLICIT_RETAIN_SELF = YES;
				CLANG_WARN_OBJC_LITERAL_CONVERSION = YES;
				CLANG_WARN_OBJC_ROOT_CLASS = YES_ERROR;
				CLANG_WARN_QUOTED_INCLUDE_IN_FRAMEWORK_HEADER = YES;
				CLANG_WARN_RANGE_LOOP_ANALYSIS = YES;
				CLANG_WARN_STRICT_PROTOTYPES = YES;
				CLANG_WARN_SUSPICIOUS_MOVE = YES;
				CLANG_WARN_UNGUARDED_AVAILABILITY = YES_AGGRESSIVE;
				CLANG_WARN_UNREACHABLE_CODE = YES;
				CLANG_WARN__DUPLICATE_METHOD_MATCH = YES;
				COPY_PHASE_STRIP = NO;
				DEBUG_INFORMATION_FORMAT = "dwarf-with-dsym";
				ENABLE_NS_ASSERTIONS = NO;
				ENABLE_STRICT_OBJC_MSGSEND = YES;
				GCC_C_LANGUAGE_STANDARD = gnu11;
				GCC_NO_COMMON_BLOCKS = YES;
				GCC_WARN_64_TO_32_BIT_CONVERSION = YES;
				GCC_WARN_ABOUT_RETURN_TYPE = YES_ERROR;
				GCC_WARN_UNDECLARED_SELECTOR = YES;
				GCC_WARN_UNINITIALIZED_AUTOS = YES_AGGRESSIVE;
				GCC_WARN_UNUSED_FUNCTION = YES;
				GCC_WARN_UNUSED_VARIABLE = YES;
				IPHONEOS_DEPLOYMENT_TARGET = 14.5;
				MTL_ENABLE_DEBUG_INFO = NO;
				MTL_FAST_MATH = YES;
				SDKROOT = iphoneos;
				SWIFT_COMPILATION_MODE = wholemodule;
				SWIFT_OPTIMIZATION_LEVEL = "-O";
				VALIDATE_PRODUCT = YES;
			};
			name = Release;
		};
		94FF542526F1637C00AF2E54 /* Debug */ = {
			isa = XCBuildConfiguration;
			baseConfigurationReference = 42001D370D3D3774D4190183 /* Pods-Flix_App_1.debug.xcconfig */;
			buildSettings = {
				ASSETCATALOG_COMPILER_APPICON_NAME = AppIcon;
				ASSETCATALOG_COMPILER_GLOBAL_ACCENT_COLOR_NAME = AccentColor;
				CODE_SIGN_STYLE = Automatic;
				INFOPLIST_FILE = Flix_App_1/Info.plist;
				LD_RUNPATH_SEARCH_PATHS = (
					"$(inherited)",
					"@executable_path/Frameworks",
				);
				PRODUCT_BUNDLE_IDENTIFIER = "kalinchang.Flix-App-1";
				PRODUCT_NAME = "$(TARGET_NAME)";
				SWIFT_VERSION = 5.0;
				TARGETED_DEVICE_FAMILY = "1,2";
			};
			name = Debug;
		};
		94FF542626F1637C00AF2E54 /* Release */ = {
			isa = XCBuildConfiguration;
			baseConfigurationReference = 2FDBB3703E97609E9DF123A1 /* Pods-Flix_App_1.release.xcconfig */;
			buildSettings = {
				ASSETCATALOG_COMPILER_APPICON_NAME = AppIcon;
				ASSETCATALOG_COMPILER_GLOBAL_ACCENT_COLOR_NAME = AccentColor;
				CODE_SIGN_STYLE = Automatic;
				INFOPLIST_FILE = Flix_App_1/Info.plist;
				LD_RUNPATH_SEARCH_PATHS = (
					"$(inherited)",
					"@executable_path/Frameworks",
				);
				PRODUCT_BUNDLE_IDENTIFIER = "kalinchang.Flix-App-1";
				PRODUCT_NAME = "$(TARGET_NAME)";
				SWIFT_VERSION = 5.0;
				TARGETED_DEVICE_FAMILY = "1,2";
			};
			name = Release;
		};
		94FF542826F1637C00AF2E54 /* Debug */ = {
			isa = XCBuildConfiguration;
			baseConfigurationReference = 658602B6ED13FF1ED375E224 /* Pods-Flix_App_1Tests.debug.xcconfig */;
			buildSettings = {
				ALWAYS_EMBED_SWIFT_STANDARD_LIBRARIES = YES;
				BUNDLE_LOADER = "$(TEST_HOST)";
				CODE_SIGN_STYLE = Automatic;
				INFOPLIST_FILE = Flix_App_1Tests/Info.plist;
				IPHONEOS_DEPLOYMENT_TARGET = 14.5;
				LD_RUNPATH_SEARCH_PATHS = (
					"$(inherited)",
					"@executable_path/Frameworks",
					"@loader_path/Frameworks",
				);
				PRODUCT_BUNDLE_IDENTIFIER = "kalinchang.Flix-App-1Tests";
				PRODUCT_NAME = "$(TARGET_NAME)";
				SWIFT_VERSION = 5.0;
				TARGETED_DEVICE_FAMILY = "1,2";
				TEST_HOST = "$(BUILT_PRODUCTS_DIR)/Flix_App_1.app/Flix_App_1";
			};
			name = Debug;
		};
		94FF542926F1637C00AF2E54 /* Release */ = {
			isa = XCBuildConfiguration;
			baseConfigurationReference = 4D1E416E9A521E6F67D09DCD /* Pods-Flix_App_1Tests.release.xcconfig */;
			buildSettings = {
				ALWAYS_EMBED_SWIFT_STANDARD_LIBRARIES = YES;
				BUNDLE_LOADER = "$(TEST_HOST)";
				CODE_SIGN_STYLE = Automatic;
				INFOPLIST_FILE = Flix_App_1Tests/Info.plist;
				IPHONEOS_DEPLOYMENT_TARGET = 14.5;
				LD_RUNPATH_SEARCH_PATHS = (
					"$(inherited)",
					"@executable_path/Frameworks",
					"@loader_path/Frameworks",
				);
				PRODUCT_BUNDLE_IDENTIFIER = "kalinchang.Flix-App-1Tests";
				PRODUCT_NAME = "$(TARGET_NAME)";
				SWIFT_VERSION = 5.0;
				TARGETED_DEVICE_FAMILY = "1,2";
				TEST_HOST = "$(BUILT_PRODUCTS_DIR)/Flix_App_1.app/Flix_App_1";
			};
			name = Release;
		};
		94FF542B26F1637C00AF2E54 /* Debug */ = {
			isa = XCBuildConfiguration;
			baseConfigurationReference = E58A1604515F878481357089 /* Pods-Flix_App_1-Flix_App_1UITests.debug.xcconfig */;
			buildSettings = {
				ALWAYS_EMBED_SWIFT_STANDARD_LIBRARIES = YES;
				CODE_SIGN_STYLE = Automatic;
				INFOPLIST_FILE = Flix_App_1UITests/Info.plist;
				LD_RUNPATH_SEARCH_PATHS = (
					"$(inherited)",
					"@executable_path/Frameworks",
					"@loader_path/Frameworks",
				);
				PRODUCT_BUNDLE_IDENTIFIER = "kalinchang.Flix-App-1UITests";
				PRODUCT_NAME = "$(TARGET_NAME)";
				SWIFT_VERSION = 5.0;
				TARGETED_DEVICE_FAMILY = "1,2";
				TEST_TARGET_NAME = Flix_App_1;
			};
			name = Debug;
		};
		94FF542C26F1637C00AF2E54 /* Release */ = {
			isa = XCBuildConfiguration;
			baseConfigurationReference = F4C95D794E8BE2EF295660E8 /* Pods-Flix_App_1-Flix_App_1UITests.release.xcconfig */;
			buildSettings = {
				ALWAYS_EMBED_SWIFT_STANDARD_LIBRARIES = YES;
				CODE_SIGN_STYLE = Automatic;
				INFOPLIST_FILE = Flix_App_1UITests/Info.plist;
				LD_RUNPATH_SEARCH_PATHS = (
					"$(inherited)",
					"@executable_path/Frameworks",
					"@loader_path/Frameworks",
				);
				PRODUCT_BUNDLE_IDENTIFIER = "kalinchang.Flix-App-1UITests";
				PRODUCT_NAME = "$(TARGET_NAME)";
				SWIFT_VERSION = 5.0;
				TARGETED_DEVICE_FAMILY = "1,2";
				TEST_TARGET_NAME = Flix_App_1;
			};
			name = Release;
		};
/* End XCBuildConfiguration section */

/* Begin XCConfigurationList section */
		94FF53F526F1637600AF2E54 /* Build configuration list for PBXProject "Flix_App_1" */ = {
			isa = XCConfigurationList;
			buildConfigurations = (
				94FF542226F1637C00AF2E54 /* Debug */,
				94FF542326F1637C00AF2E54 /* Release */,
			);
			defaultConfigurationIsVisible = 0;
			defaultConfigurationName = Release;
		};
		94FF542426F1637C00AF2E54 /* Build configuration list for PBXNativeTarget "Flix_App_1" */ = {
			isa = XCConfigurationList;
			buildConfigurations = (
				94FF542526F1637C00AF2E54 /* Debug */,
				94FF542626F1637C00AF2E54 /* Release */,
			);
			defaultConfigurationIsVisible = 0;
			defaultConfigurationName = Release;
		};
		94FF542726F1637C00AF2E54 /* Build configuration list for PBXNativeTarget "Flix_App_1Tests" */ = {
			isa = XCConfigurationList;
			buildConfigurations = (
				94FF542826F1637C00AF2E54 /* Debug */,
				94FF542926F1637C00AF2E54 /* Release */,
			);
			defaultConfigurationIsVisible = 0;
			defaultConfigurationName = Release;
		};
		94FF542A26F1637C00AF2E54 /* Build configuration list for PBXNativeTarget "Flix_App_1UITests" */ = {
			isa = XCConfigurationList;
			buildConfigurations = (
				94FF542B26F1637C00AF2E54 /* Debug */,
				94FF542C26F1637C00AF2E54 /* Release */,
			);
			defaultConfigurationIsVisible = 0;
			defaultConfigurationName = Release;
		};
/* End XCConfigurationList section */

/* Begin XCRemoteSwiftPackageReference section */
		94B0725E26F3B1AC00FFF9C8 /* XCRemoteSwiftPackageReference "AlamofireImage" */ = {
			isa = XCRemoteSwiftPackageReference;
			repositoryURL = "https://github.com/Alamofire/AlamofireImage";
			requirement = {
				kind = upToNextMajorVersion;
				minimumVersion = 4.2.0;
			};
		};
/* End XCRemoteSwiftPackageReference section */

/* Begin XCSwiftPackageProductDependency section */
		94B0725F26F3B1AC00FFF9C8 /* AlamofireImage */ = {
			isa = XCSwiftPackageProductDependency;
			package = 94B0725E26F3B1AC00FFF9C8 /* XCRemoteSwiftPackageReference "AlamofireImage" */;
			productName = AlamofireImage;
		};
/* End XCSwiftPackageProductDependency section */
	};
	rootObject = 94FF53F226F1637600AF2E54 /* Project object */;
}
